
Microsoft Visual Studio Solution File, Format Version 12.00
# Visual Studio Version 17
VisualStudioVersion = 17.9.34902.65
MinimumVisualStudioVersion = 10.0.40219.1
Project("{9A19103F-16F7-4668-BE54-9A1E7A4F7556}") = "ToDoApp.Tests", "ToDoApp.Tests\ToDoApp.Tests.csproj", "{EB72916F-8B50-4400-B9ED-69558B7029BD}"
EndProject
Project("{9A19103F-16F7-4668-BE54-9A1E7A4F7556}") = "ToDoApp", "TodoApp\ToDoApp.csproj", "{5E03753F-0404-4692-B86C-BC3DAB93346B}"
EndProject
Global
	GlobalSection(SolutionConfigurationPlatforms) = preSolution
		Debug|Any CPU = Debug|Any CPU
		Release|Any CPU = Release|Any CPU
	EndGlobalSection
	GlobalSection(ProjectConfigurationPlatforms) = postSolution
		{EB72916F-8B50-4400-B9ED-69558B7029BD}.Debug|Any CPU.ActiveCfg = Debug|Any CPU
		{EB72916F-8B50-4400-B9ED-69558B7029BD}.Debug|Any CPU.Build.0 = Debug|Any CPU
		{EB72916F-8B50-4400-B9ED-69558B7029BD}.Release|Any CPU.ActiveCfg = Release|Any CPU
		{EB72916F-8B50-4400-B9ED-69558B7029BD}.Release|Any CPU.Build.0 = Release|Any CPU
		{5E03753F-0404-4692-B86C-BC3DAB93346B}.Debug|Any CPU.ActiveCfg = Debug|Any CPU
		{5E03753F-0404-4692-B86C-BC3DAB93346B}.Debug|Any CPU.Build.0 = Debug|Any CPU
		{5E03753F-0404-4692-B86C-BC3DAB93346B}.Release|Any CPU.ActiveCfg = Release|Any CPU
		{5E03753F-0404-4692-B86C-BC3DAB93346B}.Release|Any CPU.Build.0 = Release|Any CPU
	EndGlobalSection
	GlobalSection(SolutionProperties) = preSolution
		HideSolutionNode = FALSE
	EndGlobalSection
	GlobalSection(ExtensibilityGlobals) = postSolution
		SolutionGuid = {6DE3BC36-7970-4B77-B367-366AAEF68FCB}
	EndGlobalSection
EndGlobal
